
Microsoft Visual Studio Solution File, Format Version 12.00
# Visual Studio Version 17
VisualStudioVersion = 17.3.32929.385
MinimumVisualStudioVersion = 10.0.40219.1
Project("{C7167F0D-BC9F-4E6E-AFE1-012C56B48DB5}") = "example.Package", "example.Package\example.Package.wapproj", "{F5145AC8-7DF0-4393-89C7-1936BDFDCB2E}"
EndProject
Project("{8BC9CEB8-8B4A-11D0-8D11-00A0C91BC942}") = "example", "example\example.vcxproj", "{9C5CD441-1749-47EC-90E6-3899B5731898}"
EndProject
Project("{8BC9CEB8-8B4A-11D0-8D11-00A0C91BC942}") = "RNDeviceInfoCPP", "..\node_modules\react-native-device-info\windows\RNDeviceInfoCPP\RNDeviceInfoCPP.vcxproj", "{3E3931F2-4735-4417-8CB0-33668A7314D6}"
EndProject
Global
	GlobalSection(SolutionConfigurationPlatforms) = preSolution
		Debug|x64 = Debug|x64
		Debug|x86 = Debug|x86
		Debug|ARM64 = Debug|ARM64
		Release|x64 = Release|x64
		Release|x86 = Release|x86
		Release|ARM64 = Release|ARM64
	EndGlobalSection
	GlobalSection(ProjectConfigurationPlatforms) = postSolution
		{F5145AC8-7DF0-4393-89C7-1936BDFDCB2E}.Debug|x64.ActiveCfg = Debug|x64
		{F5145AC8-7DF0-4393-89C7-1936BDFDCB2E}.Debug|x64.Build.0 = Debug|x64
		{F5145AC8-7DF0-4393-89C7-1936BDFDCB2E}.Debug|x64.Deploy.0 = Debug|x64
		{F5145AC8-7DF0-4393-89C7-1936BDFDCB2E}.Debug|x86.ActiveCfg = Debug|x86
		{F5145AC8-7DF0-4393-89C7-1936BDFDCB2E}.Debug|x86.Build.0 = Debug|x86
		{F5145AC8-7DF0-4393-89C7-1936BDFDCB2E}.Debug|x86.Deploy.0 = Debug|x86
		{F5145AC8-7DF0-4393-89C7-1936BDFDCB2E}.Debug|ARM64.ActiveCfg = Debug|ARM64
		{F5145AC8-7DF0-4393-89C7-1936BDFDCB2E}.Debug|ARM64.Build.0 = Debug|ARM64
		{F5145AC8-7DF0-4393-89C7-1936BDFDCB2E}.Debug|ARM64.Deploy.0 = Debug|ARM64
		{F5145AC8-7DF0-4393-89C7-1936BDFDCB2E}.Release|x64.ActiveCfg = Release|x64
		{F5145AC8-7DF0-4393-89C7-1936BDFDCB2E}.Release|x64.Build.0 = Release|x64
		{F5145AC8-7DF0-4393-89C7-1936BDFDCB2E}.Release|x64.Deploy.0 = Release|x64
		{F5145AC8-7DF0-4393-89C7-1936BDFDCB2E}.Release|x86.ActiveCfg = Release|x86
		{F5145AC8-7DF0-4393-89C7-1936BDFDCB2E}.Release|x86.Build.0 = Release|x86
		{F5145AC8-7DF0-4393-89C7-1936BDFDCB2E}.Release|x86.Deploy.0 = Release|x86
		{F5145AC8-7DF0-4393-89C7-1936BDFDCB2E}.Release|ARM64.ActiveCfg = Release|ARM64
		{F5145AC8-7DF0-4393-89C7-1936BDFDCB2E}.Release|ARM64.Build.0 = Release|ARM64
		{F5145AC8-7DF0-4393-89C7-1936BDFDCB2E}.Release|ARM64.Deploy.0 = Release|ARM64
		{9C5CD441-1749-47EC-90E6-3899B5731898}.Debug|x64.ActiveCfg = Debug|x64
		{9C5CD441-1749-47EC-90E6-3899B5731898}.Debug|x64.Build.0 = Debug|x64
		{9C5CD441-1749-47EC-90E6-3899B5731898}.Debug|x64.Deploy.0 = Debug|x64
		{9C5CD441-1749-47EC-90E6-3899B5731898}.Debug|x86.ActiveCfg = Debug|Win32
		{9C5CD441-1749-47EC-90E6-3899B5731898}.Debug|x86.Build.0 = Debug|Win32
		{9C5CD441-1749-47EC-90E6-3899B5731898}.Debug|x86.Deploy.0 = Debug|Win32
		{9C5CD441-1749-47EC-90E6-3899B5731898}.Debug|ARM64.ActiveCfg = Debug|ARM64
		{9C5CD441-1749-47EC-90E6-3899B5731898}.Debug|ARM64.Build.0 = Debug|ARM64
		{9C5CD441-1749-47EC-90E6-3899B5731898}.Debug|ARM64.Deploy.0 = Debug|ARM64
		{9C5CD441-1749-47EC-90E6-3899B5731898}.Release|x64.ActiveCfg = Release|x64
		{9C5CD441-1749-47EC-90E6-3899B5731898}.Release|x64.Build.0 = Release|x64
		{9C5CD441-1749-47EC-90E6-3899B5731898}.Release|x64.Deploy.0 = Release|x64
		{9C5CD441-1749-47EC-90E6-3899B5731898}.Release|x86.ActiveCfg = Release|Win32
		{9C5CD441-1749-47EC-90E6-3899B5731898}.Release|x86.Build.0 = Release|Win32
		{9C5CD441-1749-47EC-90E6-3899B5731898}.Release|x86.Deploy.0 = Release|Win32
		{9C5CD441-1749-47EC-90E6-3899B5731898}.Release|ARM64.ActiveCfg = Release|ARM64
		{9C5CD441-1749-47EC-90E6-3899B5731898}.Release|ARM64.Build.0 = Release|ARM64
		{9C5CD441-1749-47EC-90E6-3899B5731898}.Release|ARM64.Deploy.0 = Release|ARM64
		{3E3931F2-4735-4417-8CB0-33668A7314D6}.Debug|x64.ActiveCfg = Debug|x64
		{3E3931F2-4735-4417-8CB0-33668A7314D6}.Debug|x64.Build.0 = Debug|x64
		{3E3931F2-4735-4417-8CB0-33668A7314D6}.Debug|x86.ActiveCfg = Debug|Win32
		{3E3931F2-4735-4417-8CB0-33668A7314D6}.Debug|x86.Build.0 = Debug|Win32
		{3E3931F2-4735-4417-8CB0-33668A7314D6}.Debug|ARM64.ActiveCfg = Debug|ARM64
		{3E3931F2-4735-4417-8CB0-33668A7314D6}.Debug|ARM64.Build.0 = Debug|ARM64
		{3E3931F2-4735-4417-8CB0-33668A7314D6}.Release|x64.ActiveCfg = Release|x64
		{3E3931F2-4735-4417-8CB0-33668A7314D6}.Release|x64.Build.0 = Release|x64
		{3E3931F2-4735-4417-8CB0-33668A7314D6}.Release|x86.ActiveCfg = Release|Win32
		{3E3931F2-4735-4417-8CB0-33668A7314D6}.Release|x86.Build.0 = Release|Win32
		{3E3931F2-4735-4417-8CB0-33668A7314D6}.Release|ARM64.ActiveCfg = Release|ARM64
		{3E3931F2-4735-4417-8CB0-33668A7314D6}.Release|ARM64.Build.0 = Release|ARM64
	EndGlobalSection
	GlobalSection(SolutionProperties) = preSolution
		HideSolutionNode = FALSE
	EndGlobalSection
	GlobalSection(ExtensibilityGlobals) = postSolution
		SolutionGuid = {D43FAD39-F619-437D-BB40-04A3982ACB6A}
	EndGlobalSection
EndGlobal
